
Microsoft Visual Studio Solution File, Format Version 12.00
# Visual Studio Version 17
VisualStudioVersion = 17.5.002.0
MinimumVisualStudioVersion = 10.0.40219.1
Project("{2150E333-8FDC-42A3-9474-1A3956D46DE8}") = "backend", "backend", "{63D4E24E-4CFE-4E93-A453-146DBE009C37}"
EndProject
Project("{9A19103F-16F7-4668-BE54-9A1E7A4F7556}") = "api", "backend\api\api.csproj", "{5020E4A8-3835-47F0-870F-BFDEC9CF9973}"
EndProject
Global
	GlobalSection(SolutionConfigurationPlatforms) = preSolution
		Debug|Any CPU = Debug|Any CPU
		Release|Any CPU = Release|Any CPU
	EndGlobalSection
	GlobalSection(ProjectConfigurationPlatforms) = postSolution
		{5020E4A8-3835-47F0-870F-BFDEC9CF9973}.Debug|Any CPU.ActiveCfg = Debug|Any CPU
		{5020E4A8-3835-47F0-870F-BFDEC9CF9973}.Debug|Any CPU.Build.0 = Debug|Any CPU
		{5020E4A8-3835-47F0-870F-BFDEC9CF9973}.Release|Any CPU.ActiveCfg = Release|Any CPU
		{5020E4A8-3835-47F0-870F-BFDEC9CF9973}.Release|Any CPU.Build.0 = Release|Any CPU
	EndGlobalSection
	GlobalSection(SolutionProperties) = preSolution
		HideSolutionNode = FALSE
	EndGlobalSection
	GlobalSection(NestedProjects) = preSolution
		{5020E4A8-3835-47F0-870F-BFDEC9CF9973} = {63D4E24E-4CFE-4E93-A453-146DBE009C37}
	EndGlobalSection
	GlobalSection(ExtensibilityGlobals) = postSolution
		SolutionGuid = {298414BC-09F1-4191-A152-82005D3EC752}
	EndGlobalSection
EndGlobal
